// !$*UTF8*$!
{
	archiveVersion = 1;
	classes = {
	};
	objectVersion = 51;
	objects = {

/* Begin PBXBuildFile section */
		49241D08EDD2AD71E46E4613 /* Pods_PasswordManager.framework in Frameworks */ = {isa = PBXBuildFile; fileRef = 20005B07764BA2AF4477AE57 /* Pods_PasswordManager.framework */; };
		9D48B277239FCFE8009F1090 /* AppDelegate.swift in Sources */ = {isa = PBXBuildFile; fileRef = 9D48B276239FCFE8009F1090 /* AppDelegate.swift */; };
		9D48B279239FCFE8009F1090 /* SceneDelegate.swift in Sources */ = {isa = PBXBuildFile; fileRef = 9D48B278239FCFE8009F1090 /* SceneDelegate.swift */; };
		9D48B280239FCFE9009F1090 /* Assets.xcassets in Resources */ = {isa = PBXBuildFile; fileRef = 9D48B27F239FCFE9009F1090 /* Assets.xcassets */; };
		9D48B283239FCFE9009F1090 /* LaunchScreen.storyboard in Resources */ = {isa = PBXBuildFile; fileRef = 9D48B281239FCFE9009F1090 /* LaunchScreen.storyboard */; };
		9D48B28B239FD01E009F1090 /* NavigationViewController.swift in Sources */ = {isa = PBXBuildFile; fileRef = 9D48B28A239FD01E009F1090 /* NavigationViewController.swift */; };
		9D48B28D239FD2B6009F1090 /* TableViewController.swift in Sources */ = {isa = PBXBuildFile; fileRef = 9D48B28C239FD2B6009F1090 /* TableViewController.swift */; };
		9D48B28F239FD92B009F1090 /* AddNewViewController.swift in Sources */ = {isa = PBXBuildFile; fileRef = 9D48B28E239FD92B009F1090 /* AddNewViewController.swift */; };
		9D48B29223A10AD6009F1090 /* TabBarViewController.swift in Sources */ = {isa = PBXBuildFile; fileRef = 9D48B29123A10AD6009F1090 /* TabBarViewController.swift */; };
		9D48B29523A16D32009F1090 /* TableViewCell.swift in Sources */ = {isa = PBXBuildFile; fileRef = 9D48B29423A16D32009F1090 /* TableViewCell.swift */; };
		9D48B29723A2B399009F1090 /* CollectionViewCell.swift in Sources */ = {isa = PBXBuildFile; fileRef = 9D48B29623A2B399009F1090 /* CollectionViewCell.swift */; };
/* End PBXBuildFile section */

/* Begin PBXFileReference section */
		05A924E863B9ED0547895A1C /* Pods-PasswordManager.debug.xcconfig */ = {isa = PBXFileReference; includeInIndex = 1; lastKnownFileType = text.xcconfig; name = "Pods-PasswordManager.debug.xcconfig"; path = "Target Support Files/Pods-PasswordManager/Pods-PasswordManager.debug.xcconfig"; sourceTree = "<group>"; };
		20005B07764BA2AF4477AE57 /* Pods_PasswordManager.framework */ = {isa = PBXFileReference; explicitFileType = wrapper.framework; includeInIndex = 0; path = Pods_PasswordManager.framework; sourceTree = BUILT_PRODUCTS_DIR; };
		9D48B273239FCFE8009F1090 /* PasswordManager.app */ = {isa = PBXFileReference; explicitFileType = wrapper.application; includeInIndex = 0; path = PasswordManager.app; sourceTree = BUILT_PRODUCTS_DIR; };
		9D48B276239FCFE8009F1090 /* AppDelegate.swift */ = {isa = PBXFileReference; lastKnownFileType = sourcecode.swift; path = AppDelegate.swift; sourceTree = "<group>"; };
		9D48B278239FCFE8009F1090 /* SceneDelegate.swift */ = {isa = PBXFileReference; lastKnownFileType = sourcecode.swift; path = SceneDelegate.swift; sourceTree = "<group>"; };
		9D48B27F239FCFE9009F1090 /* Assets.xcassets */ = {isa = PBXFileReference; lastKnownFileType = folder.assetcatalog; path = Assets.xcassets; sourceTree = "<group>"; };
		9D48B282239FCFE9009F1090 /* Base */ = {isa = PBXFileReference; lastKnownFileType = file.storyboard; name = Base; path = Base.lproj/LaunchScreen.storyboard; sourceTree = "<group>"; };
		9D48B284239FCFE9009F1090 /* Info.plist */ = {isa = PBXFileReference; lastKnownFileType = text.plist.xml; path = Info.plist; sourceTree = "<group>"; };
		9D48B28A239FD01E009F1090 /* NavigationViewController.swift */ = {isa = PBXFileReference; lastKnownFileType = sourcecode.swift; path = NavigationViewController.swift; sourceTree = "<group>"; };
		9D48B28C239FD2B6009F1090 /* TableViewController.swift */ = {isa = PBXFileReference; lastKnownFileType = sourcecode.swift; path = TableViewController.swift; sourceTree = "<group>"; };
		9D48B28E239FD92B009F1090 /* AddNewViewController.swift */ = {isa = PBXFileReference; lastKnownFileType = sourcecode.swift; path = AddNewViewController.swift; sourceTree = "<group>"; };
		9D48B29123A10AD6009F1090 /* TabBarViewController.swift */ = {isa = PBXFileReference; lastKnownFileType = sourcecode.swift; path = TabBarViewController.swift; sourceTree = "<group>"; };
		9D48B29423A16D32009F1090 /* TableViewCell.swift */ = {isa = PBXFileReference; lastKnownFileType = sourcecode.swift; path = TableViewCell.swift; sourceTree = "<group>"; };
		9D48B29623A2B399009F1090 /* CollectionViewCell.swift */ = {isa = PBXFileReference; lastKnownFileType = sourcecode.swift; path = CollectionViewCell.swift; sourceTree = "<group>"; };
		B13D05C7E173FED0F2B34BE0 /* Pods-PasswordManager.release.xcconfig */ = {isa = PBXFileReference; includeInIndex = 1; lastKnownFileType = text.xcconfig; name = "Pods-PasswordManager.release.xcconfig"; path = "Target Support Files/Pods-PasswordManager/Pods-PasswordManager.release.xcconfig"; sourceTree = "<group>"; };
/* End PBXFileReference section */

/* Begin PBXFrameworksBuildPhase section */
		9D48B270239FCFE8009F1090 /* Frameworks */ = {
			isa = PBXFrameworksBuildPhase;
			buildActionMask = 2147483647;
			files = (
				49241D08EDD2AD71E46E4613 /* Pods_PasswordManager.framework in Frameworks */,
			);
			runOnlyForDeploymentPostprocessing = 0;
		};
/* End PBXFrameworksBuildPhase section */

/* Begin PBXGroup section */
		77B530B9FAC8051F5CA7965C /* Pods */ = {
			isa = PBXGroup;
			children = (
				05A924E863B9ED0547895A1C /* Pods-PasswordManager.debug.xcconfig */,
				B13D05C7E173FED0F2B34BE0 /* Pods-PasswordManager.release.xcconfig */,
			);
			path = Pods;
			sourceTree = "<group>";
		};
		802B9A9E6EDBF24D6708F299 /* Frameworks */ = {
			isa = PBXGroup;
			children = (
				20005B07764BA2AF4477AE57 /* Pods_PasswordManager.framework */,
			);
			name = Frameworks;
			sourceTree = "<group>";
		};
		9D48B26A239FCFE8009F1090 = {
			isa = PBXGroup;
			children = (
				9D48B275239FCFE8009F1090 /* PasswordManager */,
				9D48B274239FCFE8009F1090 /* Products */,
				77B530B9FAC8051F5CA7965C /* Pods */,
				802B9A9E6EDBF24D6708F299 /* Frameworks */,
			);
			sourceTree = "<group>";
		};
		9D48B274239FCFE8009F1090 /* Products */ = {
			isa = PBXGroup;
			children = (
				9D48B273239FCFE8009F1090 /* PasswordManager.app */,
			);
			name = Products;
			sourceTree = "<group>";
		};
		9D48B275239FCFE8009F1090 /* PasswordManager */ = {
			isa = PBXGroup;
			children = (
				9D48B29323A16D20009F1090 /* Cell */,
				9D48B290239FD974009F1090 /* View */,
				9D48B276239FCFE8009F1090 /* AppDelegate.swift */,
				9D48B278239FCFE8009F1090 /* SceneDelegate.swift */,
				9D48B27F239FCFE9009F1090 /* Assets.xcassets */,
				9D48B281239FCFE9009F1090 /* LaunchScreen.storyboard */,
				9D48B284239FCFE9009F1090 /* Info.plist */,
			);
			path = PasswordManager;
			sourceTree = "<group>";
		};
		9D48B290239FD974009F1090 /* View */ = {
			isa = PBXGroup;
			children = (
				9D48B28A239FD01E009F1090 /* NavigationViewController.swift */,
				9D48B28C239FD2B6009F1090 /* TableViewController.swift */,
				9D48B28E239FD92B009F1090 /* AddNewViewController.swift */,
				9D48B29123A10AD6009F1090 /* TabBarViewController.swift */,
			);
			path = View;
			sourceTree = "<group>";
		};
		9D48B29323A16D20009F1090 /* Cell */ = {
			isa = PBXGroup;
			children = (
				9D48B29423A16D32009F1090 /* TableViewCell.swift */,
				9D48B29623A2B399009F1090 /* CollectionViewCell.swift */,
			);
			path = Cell;
			sourceTree = "<group>";
		};
/* End PBXGroup section */

/* Begin PBXNativeTarget section */
		9D48B272239FCFE8009F1090 /* PasswordManager */ = {
			isa = PBXNativeTarget;
			buildConfigurationList = 9D48B287239FCFE9009F1090 /* Build configuration list for PBXNativeTarget "PasswordManager" */;
			buildPhases = (
				75B6B90F0317BDFFD5096B51 /* [CP] Check Pods Manifest.lock */,
				9D48B26F239FCFE8009F1090 /* Sources */,
				9D48B270239FCFE8009F1090 /* Frameworks */,
				9D48B271239FCFE8009F1090 /* Resources */,
				EAD84B7CA7BCEF7AB7CE6242 /* [CP] Embed Pods Frameworks */,
			);
			buildRules = (
			);
			dependencies = (
			);
			name = PasswordManager;
			productName = PasswordManager;
			productReference = 9D48B273239FCFE8009F1090 /* PasswordManager.app */;
			productType = "com.apple.product-type.application";
		};
/* End PBXNativeTarget section */

/* Begin PBXProject section */
		9D48B26B239FCFE8009F1090 /* Project object */ = {
			isa = PBXProject;
			attributes = {
				LastSwiftUpdateCheck = 1110;
				LastUpgradeCheck = 1110;
				ORGANIZATIONNAME = an.chernyshev;
				TargetAttributes = {
					9D48B272239FCFE8009F1090 = {
						CreatedOnToolsVersion = 11.1;
					};
				};
			};
			buildConfigurationList = 9D48B26E239FCFE8009F1090 /* Build configuration list for PBXProject "PasswordManager" */;
			compatibilityVersion = "Xcode 9.3";
			developmentRegion = en;
			hasScannedForEncodings = 0;
			knownRegions = (
				en,
				Base,
			);
			mainGroup = 9D48B26A239FCFE8009F1090;
			productRefGroup = 9D48B274239FCFE8009F1090 /* Products */;
			projectDirPath = "";
			projectRoot = "";
			targets = (
				9D48B272239FCFE8009F1090 /* PasswordManager */,
			);
		};
/* End PBXProject section */

/* Begin PBXResourcesBuildPhase section */
		9D48B271239FCFE8009F1090 /* Resources */ = {
			isa = PBXResourcesBuildPhase;
			buildActionMask = 2147483647;
			files = (
				9D48B283239FCFE9009F1090 /* LaunchScreen.storyboard in Resources */,
				9D48B280239FCFE9009F1090 /* Assets.xcassets in Resources */,
			);
			runOnlyForDeploymentPostprocessing = 0;
		};
/* End PBXResourcesBuildPhase section */

/* Begin PBXShellScriptBuildPhase section */
		75B6B90F0317BDFFD5096B51 /* [CP] Check Pods Manifest.lock */ = {
			isa = PBXShellScriptBuildPhase;
			buildActionMask = 2147483647;
			files = (
			);
			inputFileListPaths = (
			);
			inputPaths = (
				"${PODS_PODFILE_DIR_PATH}/Podfile.lock",
				"${PODS_ROOT}/Manifest.lock",
			);
			name = "[CP] Check Pods Manifest.lock";
			outputFileListPaths = (
			);
			outputPaths = (
				"$(DERIVED_FILE_DIR)/Pods-PasswordManager-checkManifestLockResult.txt",
			);
			runOnlyForDeploymentPostprocessing = 0;
			shellPath = /bin/sh;
			shellScript = "diff \"${PODS_PODFILE_DIR_PATH}/Podfile.lock\" \"${PODS_ROOT}/Manifest.lock\" > /dev/null\nif [ $? != 0 ] ; then\n    # print error to STDERR\n    echo \"error: The sandbox is not in sync with the Podfile.lock. Run 'pod install' or update your CocoaPods installation.\" >&2\n    exit 1\nfi\n# This output is used by Xcode 'outputs' to avoid re-running this script phase.\necho \"SUCCESS\" > \"${SCRIPT_OUTPUT_FILE_0}\"\n";
			showEnvVarsInLog = 0;
		};
		EAD84B7CA7BCEF7AB7CE6242 /* [CP] Embed Pods Frameworks */ = {
			isa = PBXShellScriptBuildPhase;
			buildActionMask = 2147483647;
			files = (
			);
			inputFileListPaths = (
				"${PODS_ROOT}/Target Support Files/Pods-PasswordManager/Pods-PasswordManager-frameworks-${CONFIGURATION}-input-files.xcfilelist",
			);
			name = "[CP] Embed Pods Frameworks";
			outputFileListPaths = (
				"${PODS_ROOT}/Target Support Files/Pods-PasswordManager/Pods-PasswordManager-frameworks-${CONFIGURATION}-output-files.xcfilelist",
			);
			runOnlyForDeploymentPostprocessing = 0;
			shellPath = /bin/sh;
			shellScript = "\"${PODS_ROOT}/Target Support Files/Pods-PasswordManager/Pods-PasswordManager-frameworks.sh\"\n";
			showEnvVarsInLog = 0;
		};
/* End PBXShellScriptBuildPhase section */

/* Begin PBXSourcesBuildPhase section */
		9D48B26F239FCFE8009F1090 /* Sources */ = {
			isa = PBXSourcesBuildPhase;
			buildActionMask = 2147483647;
			files = (
				9D48B28F239FD92B009F1090 /* AddNewViewController.swift in Sources */,
				9D48B28B239FD01E009F1090 /* NavigationViewController.swift in Sources */,
				9D48B29723A2B399009F1090 /* CollectionViewCell.swift in Sources */,
				9D48B277239FCFE8009F1090 /* AppDelegate.swift in Sources */,
				9D48B28D239FD2B6009F1090 /* TableViewController.swift in Sources */,
				9D48B29223A10AD6009F1090 /* TabBarViewController.swift in Sources */,
				9D48B29523A16D32009F1090 /* TableViewCell.swift in Sources */,
				9D48B279239FCFE8009F1090 /* SceneDelegate.swift in Sources */,
			);
			runOnlyForDeploymentPostprocessing = 0;
		};
/* End PBXSourcesBuildPhase section */

/* Begin PBXVariantGroup section */
		9D48B281239FCFE9009F1090 /* LaunchScreen.storyboard */ = {
			isa = PBXVariantGroup;
			children = (
				9D48B282239FCFE9009F1090 /* Base */,
			);
			name = LaunchScreen.storyboard;
			sourceTree = "<group>";
		};
/* End PBXVariantGroup section */

/* Begin XCBuildConfiguration section */
		9D48B285239FCFE9009F1090 /* Debug */ = {
			isa = XCBuildConfiguration;
			buildSettings = {
				ALWAYS_SEARCH_USER_PATHS = NO;
				CLANG_ANALYZER_NONNULL = YES;
				CLANG_ANALYZER_NUMBER_OBJECT_CONVERSION = YES_AGGRESSIVE;
				CLANG_CXX_LANGUAGE_STANDARD = "gnu++14";
				CLANG_CXX_LIBRARY = "libc++";
				CLANG_ENABLE_MODULES = YES;
				CLANG_ENABLE_OBJC_ARC = YES;
				CLANG_ENABLE_OBJC_WEAK = YES;
				CLANG_WARN_BLOCK_CAPTURE_AUTORELEASING = YES;
				CLANG_WARN_BOOL_CONVERSION = YES;
				CLANG_WARN_COMMA = YES;
				CLANG_WARN_CONSTANT_CONVERSION = YES;
				CLANG_WARN_DEPRECATED_OBJC_IMPLEMENTATIONS = YES;
				CLANG_WARN_DIRECT_OBJC_ISA_USAGE = YES_ERROR;
				CLANG_WARN_DOCUMENTATION_COMMENTS = YES;
				CLANG_WARN_EMPTY_BODY = YES;
				CLANG_WARN_ENUM_CONVERSION = YES;
				CLANG_WARN_INFINITE_RECURSION = YES;
				CLANG_WARN_INT_CONVERSION = YES;
				CLANG_WARN_NON_LITERAL_NULL_CONVERSION = YES;
				CLANG_WARN_OBJC_IMPLICIT_RETAIN_SELF = YES;
				CLANG_WARN_OBJC_LITERAL_CONVERSION = YES;
				CLANG_WARN_OBJC_ROOT_CLASS = YES_ERROR;
				CLANG_WARN_RANGE_LOOP_ANALYSIS = YES;
				CLANG_WARN_STRICT_PROTOTYPES = YES;
				CLANG_WARN_SUSPICIOUS_MOVE = YES;
				CLANG_WARN_UNGUARDED_AVAILABILITY = YES_AGGRESSIVE;
				CLANG_WARN_UNREACHABLE_CODE = YES;
				CLANG_WARN__DUPLICATE_METHOD_MATCH = YES;
				COPY_PHASE_STRIP = NO;
				DEBUG_INFORMATION_FORMAT = dwarf;
				ENABLE_STRICT_OBJC_MSGSEND = YES;
				ENABLE_TESTABILITY = YES;
				GCC_C_LANGUAGE_STANDARD = gnu11;
				GCC_DYNAMIC_NO_PIC = NO;
				GCC_NO_COMMON_BLOCKS = YES;
				GCC_OPTIMIZATION_LEVEL = 0;
				GCC_PREPROCESSOR_DEFINITIONS = (
					"DEBUG=1",
					"$(inherited)",
				);
				GCC_WARN_64_TO_32_BIT_CONVERSION = YES;
				GCC_WARN_ABOUT_RETURN_TYPE = YES_ERROR;
				GCC_WARN_UNDECLARED_SELECTOR = YES;
				GCC_WARN_UNINITIALIZED_AUTOS = YES_AGGRESSIVE;
				GCC_WARN_UNUSED_FUNCTION = YES;
				GCC_WARN_UNUSED_VARIABLE = YES;
				IPHONEOS_DEPLOYMENT_TARGET = 13.1;
				MTL_ENABLE_DEBUG_INFO = INCLUDE_SOURCE;
				MTL_FAST_MATH = YES;
				ONLY_ACTIVE_ARCH = YES;
				SDKROOT = iphoneos;
				SWIFT_ACTIVE_COMPILATION_CONDITIONS = DEBUG;
				SWIFT_OPTIMIZATION_LEVEL = "-Onone";
			};
			name = Debug;
		};
		9D48B286239FCFE9009F1090 /* Release */ = {
			isa = XCBuildConfiguration;
			buildSettings = {
				ALWAYS_SEARCH_USER_PATHS = NO;
				CLANG_ANALYZER_NONNULL = YES;
				CLANG_ANALYZER_NUMBER_OBJECT_CONVERSION = YES_AGGRESSIVE;
				CLANG_CXX_LANGUAGE_STANDARD = "gnu++14";
				CLANG_CXX_LIBRARY = "libc++";
				CLANG_ENABLE_MODULES = YES;
				CLANG_ENABLE_OBJC_ARC = YES;
				CLANG_ENABLE_OBJC_WEAK = YES;
				CLANG_WARN_BLOCK_CAPTURE_AUTORELEASING = YES;
				CLANG_WARN_BOOL_CONVERSION = YES;
				CLANG_WARN_COMMA = YES;
				CLANG_WARN_CONSTANT_CONVERSION = YES;
				CLANG_WARN_DEPRECATED_OBJC_IMPLEMENTATIONS = YES;
				CLANG_WARN_DIRECT_OBJC_ISA_USAGE = YES_ERROR;
				CLANG_WARN_DOCUMENTATION_COMMENTS = YES;
				CLANG_WARN_EMPTY_BODY = YES;
				CLANG_WARN_ENUM_CONVERSION = YES;
				CLANG_WARN_INFINITE_RECURSION = YES;
				CLANG_WARN_INT_CONVERSION = YES;
				CLANG_WARN_NON_LITERAL_NULL_CONVERSION = YES;
				CLANG_WARN_OBJC_IMPLICIT_RETAIN_SELF = YES;
				CLANG_WARN_OBJC_LITERAL_CONVERSION = YES;
				CLANG_WARN_OBJC_ROOT_CLASS = YES_ERROR;
				CLANG_WARN_RANGE_LOOP_ANALYSIS = YES;
				CLANG_WARN_STRICT_PROTOTYPES = YES;
				CLANG_WARN_SUSPICIOUS_MOVE = YES;
				CLANG_WARN_UNGUARDED_AVAILABILITY = YES_AGGRESSIVE;
				CLANG_WARN_UNREACHABLE_CODE = YES;
				CLANG_WARN__DUPLICATE_METHOD_MATCH = YES;
				COPY_PHASE_STRIP = NO;
				DEBUG_INFORMATION_FORMAT = "dwarf-with-dsym";
				ENABLE_NS_ASSERTIONS = NO;
				ENABLE_STRICT_OBJC_MSGSEND = YES;
				GCC_C_LANGUAGE_STANDARD = gnu11;
				GCC_NO_COMMON_BLOCKS = YES;
				GCC_WARN_64_TO_32_BIT_CONVERSION = YES;
				GCC_WARN_ABOUT_RETURN_TYPE = YES_ERROR;
				GCC_WARN_UNDECLARED_SELECTOR = YES;
				GCC_WARN_UNINITIALIZED_AUTOS = YES_AGGRESSIVE;
				GCC_WARN_UNUSED_FUNCTION = YES;
				GCC_WARN_UNUSED_VARIABLE = YES;
				IPHONEOS_DEPLOYMENT_TARGET = 13.1;
				MTL_ENABLE_DEBUG_INFO = NO;
				MTL_FAST_MATH = YES;
				SDKROOT = iphoneos;
				SWIFT_COMPILATION_MODE = wholemodule;
				SWIFT_OPTIMIZATION_LEVEL = "-O";
				VALIDATE_PRODUCT = YES;
			};
			name = Release;
		};
		9D48B288239FCFE9009F1090 /* Debug */ = {
			isa = XCBuildConfiguration;
			baseConfigurationReference = 05A924E863B9ED0547895A1C /* Pods-PasswordManager.debug.xcconfig */;
			buildSettings = {
				ASSETCATALOG_COMPILER_APPICON_NAME = AppIcon;
				CODE_SIGN_STYLE = Automatic;
				DEVELOPMENT_TEAM = UX698QMC48;
				INFOPLIST_FILE = PasswordManager/Info.plist;
				LD_RUNPATH_SEARCH_PATHS = (
					"$(inherited)",
					"@executable_path/Frameworks",
				);
				PRODUCT_BUNDLE_IDENTIFIER = Swift.PasswordManager;
				PRODUCT_NAME = "$(TARGET_NAME)";
				SWIFT_VERSION = 5.0;
				TARGETED_DEVICE_FAMILY = "1,2";
			};
			name = Debug;
		};
		9D48B289239FCFE9009F1090 /* Release */ = {
			isa = XCBuildConfiguration;
			baseConfigurationReference = B13D05C7E173FED0F2B34BE0 /* Pods-PasswordManager.release.xcconfig */;
			buildSettings = {
				ASSETCATALOG_COMPILER_APPICON_NAME = AppIcon;
				CODE_SIGN_STYLE = Automatic;
				DEVELOPMENT_TEAM = UX698QMC48;
				INFOPLIST_FILE = PasswordManager/Info.plist;
				LD_RUNPATH_SEARCH_PATHS = (
					"$(inherited)",
					"@executable_path/Frameworks",
				);
				PRODUCT_BUNDLE_IDENTIFIER = Swift.PasswordManager;
				PRODUCT_NAME = "$(TARGET_NAME)";
				SWIFT_VERSION = 5.0;
				TARGETED_DEVICE_FAMILY = "1,2";
			};
			name = Release;
		};
/* End XCBuildConfiguration section */

/* Begin XCConfigurationList section */
		9D48B26E239FCFE8009F1090 /* Build configuration list for PBXProject "PasswordManager" */ = {
			isa = XCConfigurationList;
			buildConfigurations = (
				9D48B285239FCFE9009F1090 /* Debug */,
				9D48B286239FCFE9009F1090 /* Release */,
			);
			defaultConfigurationIsVisible = 0;
			defaultConfigurationName = Release;
		};
		9D48B287239FCFE9009F1090 /* Build configuration list for PBXNativeTarget "PasswordManager" */ = {
			isa = XCConfigurationList;
			buildConfigurations = (
				9D48B288239FCFE9009F1090 /* Debug */,
				9D48B289239FCFE9009F1090 /* Release */,
			);
			defaultConfigurationIsVisible = 0;
			defaultConfigurationName = Release;
		};
/* End XCConfigurationList section */
	};
	rootObject = 9D48B26B239FCFE8009F1090 /* Project object */;
}
